// !$*UTF8*$!
{
	archiveVersion = 1;
	classes = {
	};
	objectVersion = 56;
	objects = {

/* Begin PBXBuildFile section */
		43C3D74529B80EEC0012E78A /* NemoApp.swift in Sources */ = {isa = PBXBuildFile; fileRef = 43C3D74429B80EEC0012E78A /* NemoApp.swift */; };
		43C3D74729B80EEC0012E78A /* ContentView.swift in Sources */ = {isa = PBXBuildFile; fileRef = 43C3D74629B80EEC0012E78A /* ContentView.swift */; };
		43C3D74929B80EED0012E78A /* Assets.xcassets in Resources */ = {isa = PBXBuildFile; fileRef = 43C3D74829B80EED0012E78A /* Assets.xcassets */; };
		43C3D74D29B80EED0012E78A /* Preview Assets.xcassets in Resources */ = {isa = PBXBuildFile; fileRef = 43C3D74C29B80EED0012E78A /* Preview Assets.xcassets */; };
		43C3D75729B80EED0012E78A /* NemoTests.swift in Sources */ = {isa = PBXBuildFile; fileRef = 43C3D75629B80EED0012E78A /* NemoTests.swift */; };
		43C3D76129B80EED0012E78A /* NemoUITests.swift in Sources */ = {isa = PBXBuildFile; fileRef = 43C3D76029B80EED0012E78A /* NemoUITests.swift */; };
		43C3D76329B80EED0012E78A /* NemoUITestsLaunchTests.swift in Sources */ = {isa = PBXBuildFile; fileRef = 43C3D76229B80EED0012E78A /* NemoUITestsLaunchTests.swift */; };
		43C3D77129B8ACA60012E78A /* Home.swift in Sources */ = {isa = PBXBuildFile; fileRef = 43C3D77029B8ACA60012E78A /* Home.swift */; };
/* End PBXBuildFile section */

/* Begin PBXContainerItemProxy section */
		43C3D75329B80EED0012E78A /* PBXContainerItemProxy */ = {
			isa = PBXContainerItemProxy;
			containerPortal = 43C3D73929B80EEC0012E78A /* Project object */;
			proxyType = 1;
			remoteGlobalIDString = 43C3D74029B80EEC0012E78A;
			remoteInfo = Nemo;
		};
		43C3D75D29B80EED0012E78A /* PBXContainerItemProxy */ = {
			isa = PBXContainerItemProxy;
			containerPortal = 43C3D73929B80EEC0012E78A /* Project object */;
			proxyType = 1;
			remoteGlobalIDString = 43C3D74029B80EEC0012E78A;
			remoteInfo = Nemo;
		};
/* End PBXContainerItemProxy section */

/* Begin PBXFileReference section */
		43C3D74129B80EEC0012E78A /* Nemo.app */ = {isa = PBXFileReference; explicitFileType = wrapper.application; includeInIndex = 0; path = Nemo.app; sourceTree = BUILT_PRODUCTS_DIR; };
		43C3D74429B80EEC0012E78A /* NemoApp.swift */ = {isa = PBXFileReference; lastKnownFileType = sourcecode.swift; path = NemoApp.swift; sourceTree = "<group>"; };
		43C3D74629B80EEC0012E78A /* ContentView.swift */ = {isa = PBXFileReference; lastKnownFileType = sourcecode.swift; path = ContentView.swift; sourceTree = "<group>"; };
		43C3D74829B80EED0012E78A /* Assets.xcassets */ = {isa = PBXFileReference; lastKnownFileType = folder.assetcatalog; path = Assets.xcassets; sourceTree = "<group>"; };
		43C3D74A29B80EED0012E78A /* Nemo.entitlements */ = {isa = PBXFileReference; lastKnownFileType = text.plist.entitlements; path = Nemo.entitlements; sourceTree = "<group>"; };
		43C3D74C29B80EED0012E78A /* Preview Assets.xcassets */ = {isa = PBXFileReference; lastKnownFileType = folder.assetcatalog; path = "Preview Assets.xcassets"; sourceTree = "<group>"; };
		43C3D75229B80EED0012E78A /* NemoTests.xctest */ = {isa = PBXFileReference; explicitFileType = wrapper.cfbundle; includeInIndex = 0; path = NemoTests.xctest; sourceTree = BUILT_PRODUCTS_DIR; };
		43C3D75629B80EED0012E78A /* NemoTests.swift */ = {isa = PBXFileReference; lastKnownFileType = sourcecode.swift; path = NemoTests.swift; sourceTree = "<group>"; };
		43C3D75C29B80EED0012E78A /* NemoUITests.xctest */ = {isa = PBXFileReference; explicitFileType = wrapper.cfbundle; includeInIndex = 0; path = NemoUITests.xctest; sourceTree = BUILT_PRODUCTS_DIR; };
		43C3D76029B80EED0012E78A /* NemoUITests.swift */ = {isa = PBXFileReference; lastKnownFileType = sourcecode.swift; path = NemoUITests.swift; sourceTree = "<group>"; };
		43C3D76229B80EED0012E78A /* NemoUITestsLaunchTests.swift */ = {isa = PBXFileReference; lastKnownFileType = sourcecode.swift; path = NemoUITestsLaunchTests.swift; sourceTree = "<group>"; };
		43C3D77029B8ACA60012E78A /* Home.swift */ = {isa = PBXFileReference; lastKnownFileType = sourcecode.swift; path = Home.swift; sourceTree = "<group>"; };
/* End PBXFileReference section */

/* Begin PBXFrameworksBuildPhase section */
		43C3D73E29B80EEC0012E78A /* Frameworks */ = {
			isa = PBXFrameworksBuildPhase;
			buildActionMask = 2147483647;
			files = (
			);
			runOnlyForDeploymentPostprocessing = 0;
		};
		43C3D74F29B80EED0012E78A /* Frameworks */ = {
			isa = PBXFrameworksBuildPhase;
			buildActionMask = 2147483647;
			files = (
			);
			runOnlyForDeploymentPostprocessing = 0;
		};
		43C3D75929B80EED0012E78A /* Frameworks */ = {
			isa = PBXFrameworksBuildPhase;
			buildActionMask = 2147483647;
			files = (
			);
			runOnlyForDeploymentPostprocessing = 0;
		};
/* End PBXFrameworksBuildPhase section */

/* Begin PBXGroup section */
		43C3D73829B80EEC0012E78A = {
			isa = PBXGroup;
			children = (
				43C3D74329B80EEC0012E78A /* Nemo */,
				43C3D75529B80EED0012E78A /* NemoTests */,
				43C3D75F29B80EED0012E78A /* NemoUITests */,
				43C3D74229B80EEC0012E78A /* Products */,
			);
			sourceTree = "<group>";
		};
		43C3D74229B80EEC0012E78A /* Products */ = {
			isa = PBXGroup;
			children = (
				43C3D74129B80EEC0012E78A /* Nemo.app */,
				43C3D75229B80EED0012E78A /* NemoTests.xctest */,
				43C3D75C29B80EED0012E78A /* NemoUITests.xctest */,
			);
			name = Products;
			sourceTree = "<group>";
		};
		43C3D74329B80EEC0012E78A /* Nemo */ = {
			isa = PBXGroup;
			children = (
				43C3D76F29B8AC980012E78A /* View */,
				43C3D74429B80EEC0012E78A /* NemoApp.swift */,
				43C3D74629B80EEC0012E78A /* ContentView.swift */,
				43C3D74829B80EED0012E78A /* Assets.xcassets */,
				43C3D74A29B80EED0012E78A /* Nemo.entitlements */,
				43C3D74B29B80EED0012E78A /* Preview Content */,
			);
			path = Nemo;
			sourceTree = "<group>";
		};
		43C3D74B29B80EED0012E78A /* Preview Content */ = {
			isa = PBXGroup;
			children = (
				43C3D74C29B80EED0012E78A /* Preview Assets.xcassets */,
			);
			path = "Preview Content";
			sourceTree = "<group>";
		};
		43C3D75529B80EED0012E78A /* NemoTests */ = {
			isa = PBXGroup;
			children = (
				43C3D75629B80EED0012E78A /* NemoTests.swift */,
			);
			path = NemoTests;
			sourceTree = "<group>";
		};
		43C3D75F29B80EED0012E78A /* NemoUITests */ = {
			isa = PBXGroup;
			children = (
				43C3D76029B80EED0012E78A /* NemoUITests.swift */,
				43C3D76229B80EED0012E78A /* NemoUITestsLaunchTests.swift */,
			);
			path = NemoUITests;
			sourceTree = "<group>";
		};
		43C3D76F29B8AC980012E78A /* View */ = {
			isa = PBXGroup;
			children = (
				43C3D77029B8ACA60012E78A /* Home.swift */,
			);
			path = View;
			sourceTree = "<group>";
		};
/* End PBXGroup section */

/* Begin PBXNativeTarget section */
		43C3D74029B80EEC0012E78A /* Nemo */ = {
			isa = PBXNativeTarget;
			buildConfigurationList = 43C3D76629B80EED0012E78A /* Build configuration list for PBXNativeTarget "Nemo" */;
			buildPhases = (
				43C3D73D29B80EEC0012E78A /* Sources */,
				43C3D73E29B80EEC0012E78A /* Frameworks */,
				43C3D73F29B80EEC0012E78A /* Resources */,
			);
			buildRules = (
			);
			dependencies = (
			);
			name = Nemo;
			productName = Nemo;
			productReference = 43C3D74129B80EEC0012E78A /* Nemo.app */;
			productType = "com.apple.product-type.application";
		};
		43C3D75129B80EED0012E78A /* NemoTests */ = {
			isa = PBXNativeTarget;
			buildConfigurationList = 43C3D76929B80EED0012E78A /* Build configuration list for PBXNativeTarget "NemoTests" */;
			buildPhases = (
				43C3D74E29B80EED0012E78A /* Sources */,
				43C3D74F29B80EED0012E78A /* Frameworks */,
				43C3D75029B80EED0012E78A /* Resources */,
			);
			buildRules = (
			);
			dependencies = (
				43C3D75429B80EED0012E78A /* PBXTargetDependency */,
			);
			name = NemoTests;
			productName = NemoTests;
			productReference = 43C3D75229B80EED0012E78A /* NemoTests.xctest */;
			productType = "com.apple.product-type.bundle.unit-test";
		};
		43C3D75B29B80EED0012E78A /* NemoUITests */ = {
			isa = PBXNativeTarget;
			buildConfigurationList = 43C3D76C29B80EED0012E78A /* Build configuration list for PBXNativeTarget "NemoUITests" */;
			buildPhases = (
				43C3D75829B80EED0012E78A /* Sources */,
				43C3D75929B80EED0012E78A /* Frameworks */,
				43C3D75A29B80EED0012E78A /* Resources */,
			);
			buildRules = (
			);
			dependencies = (
				43C3D75E29B80EED0012E78A /* PBXTargetDependency */,
			);
			name = NemoUITests;
			productName = NemoUITests;
			productReference = 43C3D75C29B80EED0012E78A /* NemoUITests.xctest */;
			productType = "com.apple.product-type.bundle.ui-testing";
		};
/* End PBXNativeTarget section */

/* Begin PBXProject section */
		43C3D73929B80EEC0012E78A /* Project object */ = {
			isa = PBXProject;
			attributes = {
				BuildIndependentTargetsInParallel = 1;
				LastSwiftUpdateCheck = 1420;
				LastUpgradeCheck = 1420;
				TargetAttributes = {
					43C3D74029B80EEC0012E78A = {
						CreatedOnToolsVersion = 14.2;
					};
					43C3D75129B80EED0012E78A = {
						CreatedOnToolsVersion = 14.2;
						TestTargetID = 43C3D74029B80EEC0012E78A;
					};
					43C3D75B29B80EED0012E78A = {
						CreatedOnToolsVersion = 14.2;
						TestTargetID = 43C3D74029B80EEC0012E78A;
					};
				};
			};
			buildConfigurationList = 43C3D73C29B80EEC0012E78A /* Build configuration list for PBXProject "Nemo" */;
			compatibilityVersion = "Xcode 14.0";
			developmentRegion = en;
			hasScannedForEncodings = 0;
			knownRegions = (
				en,
				Base,
			);
			mainGroup = 43C3D73829B80EEC0012E78A;
			productRefGroup = 43C3D74229B80EEC0012E78A /* Products */;
			projectDirPath = "";
			projectRoot = "";
			targets = (
				43C3D74029B80EEC0012E78A /* Nemo */,
				43C3D75129B80EED0012E78A /* NemoTests */,
				43C3D75B29B80EED0012E78A /* NemoUITests */,
			);
		};
/* End PBXProject section */

/* Begin PBXResourcesBuildPhase section */
		43C3D73F29B80EEC0012E78A /* Resources */ = {
			isa = PBXResourcesBuildPhase;
			buildActionMask = 2147483647;
			files = (
				43C3D74D29B80EED0012E78A /* Preview Assets.xcassets in Resources */,
				43C3D74929B80EED0012E78A /* Assets.xcassets in Resources */,
			);
			runOnlyForDeploymentPostprocessing = 0;
		};
		43C3D75029B80EED0012E78A /* Resources */ = {
			isa = PBXResourcesBuildPhase;
			buildActionMask = 2147483647;
			files = (
			);
			runOnlyForDeploymentPostprocessing = 0;
		};
		43C3D75A29B80EED0012E78A /* Resources */ = {
			isa = PBXResourcesBuildPhase;
			buildActionMask = 2147483647;
			files = (
			);
			runOnlyForDeploymentPostprocessing = 0;
		};
/* End PBXResourcesBuildPhase section */

/* Begin PBXSourcesBuildPhase section */
		43C3D73D29B80EEC0012E78A /* Sources */ = {
			isa = PBXSourcesBuildPhase;
			buildActionMask = 2147483647;
			files = (
				43C3D74729B80EEC0012E78A /* ContentView.swift in Sources */,
				43C3D77129B8ACA60012E78A /* Home.swift in Sources */,
				43C3D74529B80EEC0012E78A /* NemoApp.swift in Sources */,
			);
			runOnlyForDeploymentPostprocessing = 0;
		};
		43C3D74E29B80EED0012E78A /* Sources */ = {
			isa = PBXSourcesBuildPhase;
			buildActionMask = 2147483647;
			files = (
				43C3D75729B80EED0012E78A /* NemoTests.swift in Sources */,
			);
			runOnlyForDeploymentPostprocessing = 0;
		};
		43C3D75829B80EED0012E78A /* Sources */ = {
			isa = PBXSourcesBuildPhase;
			buildActionMask = 2147483647;
			files = (
				43C3D76129B80EED0012E78A /* NemoUITests.swift in Sources */,
				43C3D76329B80EED0012E78A /* NemoUITestsLaunchTests.swift in Sources */,
			);
			runOnlyForDeploymentPostprocessing = 0;
		};
/* End PBXSourcesBuildPhase section */

/* Begin PBXTargetDependency section */
		43C3D75429B80EED0012E78A /* PBXTargetDependency */ = {
			isa = PBXTargetDependency;
			target = 43C3D74029B80EEC0012E78A /* Nemo */;
			targetProxy = 43C3D75329B80EED0012E78A /* PBXContainerItemProxy */;
		};
		43C3D75E29B80EED0012E78A /* PBXTargetDependency */ = {
			isa = PBXTargetDependency;
			target = 43C3D74029B80EEC0012E78A /* Nemo */;
			targetProxy = 43C3D75D29B80EED0012E78A /* PBXContainerItemProxy */;
		};
/* End PBXTargetDependency section */

/* Begin XCBuildConfiguration section */
		43C3D76429B80EED0012E78A /* Debug */ = {
			isa = XCBuildConfiguration;
			buildSettings = {
				ALWAYS_SEARCH_USER_PATHS = NO;
				CLANG_ANALYZER_NONNULL = YES;
				CLANG_ANALYZER_NUMBER_OBJECT_CONVERSION = YES_AGGRESSIVE;
				CLANG_CXX_LANGUAGE_STANDARD = "gnu++20";
				CLANG_ENABLE_MODULES = YES;
				CLANG_ENABLE_OBJC_ARC = YES;
				CLANG_ENABLE_OBJC_WEAK = YES;
				CLANG_WARN_BLOCK_CAPTURE_AUTORELEASING = YES;
				CLANG_WARN_BOOL_CONVERSION = YES;
				CLANG_WARN_COMMA = YES;
				CLANG_WARN_CONSTANT_CONVERSION = YES;
				CLANG_WARN_DEPRECATED_OBJC_IMPLEMENTATIONS = YES;
				CLANG_WARN_DIRECT_OBJC_ISA_USAGE = YES_ERROR;
				CLANG_WARN_DOCUMENTATION_COMMENTS = YES;
				CLANG_WARN_EMPTY_BODY = YES;
				CLANG_WARN_ENUM_CONVERSION = YES;
				CLANG_WARN_INFINITE_RECURSION = YES;
				CLANG_WARN_INT_CONVERSION = YES;
				CLANG_WARN_NON_LITERAL_NULL_CONVERSION = YES;
				CLANG_WARN_OBJC_IMPLICIT_RETAIN_SELF = YES;
				CLANG_WARN_OBJC_LITERAL_CONVERSION = YES;
				CLANG_WARN_OBJC_ROOT_CLASS = YES_ERROR;
				CLANG_WARN_QUOTED_INCLUDE_IN_FRAMEWORK_HEADER = YES;
				CLANG_WARN_RANGE_LOOP_ANALYSIS = YES;
				CLANG_WARN_STRICT_PROTOTYPES = YES;
				CLANG_WARN_SUSPICIOUS_MOVE = YES;
				CLANG_WARN_UNGUARDED_AVAILABILITY = YES_AGGRESSIVE;
				CLANG_WARN_UNREACHABLE_CODE = YES;
				CLANG_WARN__DUPLICATE_METHOD_MATCH = YES;
				COPY_PHASE_STRIP = NO;
				DEBUG_INFORMATION_FORMAT = dwarf;
				ENABLE_STRICT_OBJC_MSGSEND = YES;
				ENABLE_TESTABILITY = YES;
				GCC_C_LANGUAGE_STANDARD = gnu11;
				GCC_DYNAMIC_NO_PIC = NO;
				GCC_NO_COMMON_BLOCKS = YES;
				GCC_OPTIMIZATION_LEVEL = 0;
				GCC_PREPROCESSOR_DEFINITIONS = (
					"DEBUG=1",
					"$(inherited)",
				);
				GCC_WARN_64_TO_32_BIT_CONVERSION = YES;
				GCC_WARN_ABOUT_RETURN_TYPE = YES_ERROR;
				GCC_WARN_UNDECLARED_SELECTOR = YES;
				GCC_WARN_UNINITIALIZED_AUTOS = YES_AGGRESSIVE;
				GCC_WARN_UNUSED_FUNCTION = YES;
				GCC_WARN_UNUSED_VARIABLE = YES;
				MTL_ENABLE_DEBUG_INFO = INCLUDE_SOURCE;
				MTL_FAST_MATH = YES;
				ONLY_ACTIVE_ARCH = YES;
				SWIFT_ACTIVE_COMPILATION_CONDITIONS = DEBUG;
				SWIFT_OPTIMIZATION_LEVEL = "-Onone";
			};
			name = Debug;
		};
		43C3D76529B80EED0012E78A /* Release */ = {
			isa = XCBuildConfiguration;
			buildSettings = {
				ALWAYS_SEARCH_USER_PATHS = NO;
				CLANG_ANALYZER_NONNULL = YES;
				CLANG_ANALYZER_NUMBER_OBJECT_CONVERSION = YES_AGGRESSIVE;
				CLANG_CXX_LANGUAGE_STANDARD = "gnu++20";
				CLANG_ENABLE_MODULES = YES;
				CLANG_ENABLE_OBJC_ARC = YES;
				CLANG_ENABLE_OBJC_WEAK = YES;
				CLANG_WARN_BLOCK_CAPTURE_AUTORELEASING = YES;
				CLANG_WARN_BOOL_CONVERSION = YES;
				CLANG_WARN_COMMA = YES;
				CLANG_WARN_CONSTANT_CONVERSION = YES;
				CLANG_WARN_DEPRECATED_OBJC_IMPLEMENTATIONS = YES;
				CLANG_WARN_DIRECT_OBJC_ISA_USAGE = YES_ERROR;
				CLANG_WARN_DOCUMENTATION_COMMENTS = YES;
				CLANG_WARN_EMPTY_BODY = YES;
				CLANG_WARN_ENUM_CONVERSION = YES;
				CLANG_WARN_INFINITE_RECURSION = YES;
				CLANG_WARN_INT_CONVERSION = YES;
				CLANG_WARN_NON_LITERAL_NULL_CONVERSION = YES;
				CLANG_WARN_OBJC_IMPLICIT_RETAIN_SELF = YES;
				CLANG_WARN_OBJC_LITERAL_CONVERSION = YES;
				CLANG_WARN_OBJC_ROOT_CLASS = YES_ERROR;
				CLANG_WARN_QUOTED_INCLUDE_IN_FRAMEWORK_HEADER = YES;
				CLANG_WARN_RANGE_LOOP_ANALYSIS = YES;
				CLANG_WARN_STRICT_PROTOTYPES = YES;
				CLANG_WARN_SUSPICIOUS_MOVE = YES;
				CLANG_WARN_UNGUARDED_AVAILABILITY = YES_AGGRESSIVE;
				CLANG_WARN_UNREACHABLE_CODE = YES;
				CLANG_WARN__DUPLICATE_METHOD_MATCH = YES;
				COPY_PHASE_STRIP = NO;
				DEBUG_INFORMATION_FORMAT = "dwarf-with-dsym";
				ENABLE_NS_ASSERTIONS = NO;
				ENABLE_STRICT_OBJC_MSGSEND = YES;
				GCC_C_LANGUAGE_STANDARD = gnu11;
				GCC_NO_COMMON_BLOCKS = YES;
				GCC_WARN_64_TO_32_BIT_CONVERSION = YES;
				GCC_WARN_ABOUT_RETURN_TYPE = YES_ERROR;
				GCC_WARN_UNDECLARED_SELECTOR = YES;
				GCC_WARN_UNINITIALIZED_AUTOS = YES_AGGRESSIVE;
				GCC_WARN_UNUSED_FUNCTION = YES;
				GCC_WARN_UNUSED_VARIABLE = YES;
				MTL_ENABLE_DEBUG_INFO = NO;
				MTL_FAST_MATH = YES;
				SWIFT_COMPILATION_MODE = wholemodule;
				SWIFT_OPTIMIZATION_LEVEL = "-O";
			};
			name = Release;
		};
		43C3D76729B80EED0012E78A /* Debug */ = {
			isa = XCBuildConfiguration;
			buildSettings = {
				ASSETCATALOG_COMPILER_APPICON_NAME = AppIcon;
				ASSETCATALOG_COMPILER_GLOBAL_ACCENT_COLOR_NAME = AccentColor;
				CODE_SIGN_ENTITLEMENTS = Nemo/Nemo.entitlements;
				CODE_SIGN_STYLE = Automatic;
				CURRENT_PROJECT_VERSION = 1;
				DEVELOPMENT_ASSET_PATHS = "\"Nemo/Preview Content\"";
				DEVELOPMENT_TEAM = S49Q3W74YE;
				ENABLE_HARDENED_RUNTIME = YES;
				ENABLE_PREVIEWS = YES;
				GENERATE_INFOPLIST_FILE = YES;
				"INFOPLIST_KEY_UIApplicationSceneManifest_Generation[sdk=iphoneos*]" = YES;
				"INFOPLIST_KEY_UIApplicationSceneManifest_Generation[sdk=iphonesimulator*]" = YES;
				"INFOPLIST_KEY_UIApplicationSupportsIndirectInputEvents[sdk=iphoneos*]" = YES;
				"INFOPLIST_KEY_UIApplicationSupportsIndirectInputEvents[sdk=iphonesimulator*]" = YES;
				"INFOPLIST_KEY_UILaunchScreen_Generation[sdk=iphoneos*]" = YES;
				"INFOPLIST_KEY_UILaunchScreen_Generation[sdk=iphonesimulator*]" = YES;
				"INFOPLIST_KEY_UIStatusBarStyle[sdk=iphoneos*]" = UIStatusBarStyleDefault;
				"INFOPLIST_KEY_UIStatusBarStyle[sdk=iphonesimulator*]" = UIStatusBarStyleDefault;
				INFOPLIST_KEY_UISupportedInterfaceOrientations_iPad = "UIInterfaceOrientationPortrait UIInterfaceOrientationPortraitUpsideDown UIInterfaceOrientationLandscapeLeft UIInterfaceOrientationLandscapeRight";
				INFOPLIST_KEY_UISupportedInterfaceOrientations_iPhone = "UIInterfaceOrientationPortrait UIInterfaceOrientationLandscapeLeft UIInterfaceOrientationLandscapeRight";
				IPHONEOS_DEPLOYMENT_TARGET = 16.2;
				LD_RUNPATH_SEARCH_PATHS = "@executable_path/Frameworks";
				"LD_RUNPATH_SEARCH_PATHS[sdk=macosx*]" = "@executable_path/../Frameworks";
				MACOSX_DEPLOYMENT_TARGET = 13.0;
				MARKETING_VERSION = 1.0;
				PRODUCT_BUNDLE_IDENTIFIER = botchu.Nemo;
				PRODUCT_NAME = "$(TARGET_NAME)";
				SDKROOT = auto;
				SUPPORTED_PLATFORMS = "iphoneos iphonesimulator macosx";
				SWIFT_EMIT_LOC_STRINGS = YES;
				SWIFT_VERSION = 5.0;
				TARGETED_DEVICE_FAMILY = "1,2";
			};
			name = Debug;
		};
		43C3D76829B80EED0012E78A /* Release */ = {
			isa = XCBuildConfiguration;
			buildSettings = {
				ASSETCATALOG_COMPILER_APPICON_NAME = AppIcon;
				ASSETCATALOG_COMPILER_GLOBAL_ACCENT_COLOR_NAME = AccentColor;
				CODE_SIGN_ENTITLEMENTS = Nemo/Nemo.entitlements;
				CODE_SIGN_STYLE = Automatic;
				CURRENT_PROJECT_VERSION = 1;
				DEVELOPMENT_ASSET_PATHS = "\"Nemo/Preview Content\"";
				DEVELOPMENT_TEAM = S49Q3W74YE;
				ENABLE_HARDENED_RUNTIME = YES;
				ENABLE_PREVIEWS = YES;
				GENERATE_INFOPLIST_FILE = YES;
				"INFOPLIST_KEY_UIApplicationSceneManifest_Generation[sdk=iphoneos*]" = YES;
				"INFOPLIST_KEY_UIApplicationSceneManifest_Generation[sdk=iphonesimulator*]" = YES;
				"INFOPLIST_KEY_UIApplicationSupportsIndirectInputEvents[sdk=iphoneos*]" = YES;
				"INFOPLIST_KEY_UIApplicationSupportsIndirectInputEvents[sdk=iphonesimulator*]" = YES;
				"INFOPLIST_KEY_UILaunchScreen_Generation[sdk=iphoneos*]" = YES;
				"INFOPLIST_KEY_UILaunchScreen_Generation[sdk=iphonesimulator*]" = YES;
				"INFOPLIST_KEY_UIStatusBarStyle[sdk=iphoneos*]" = UIStatusBarStyleDefault;
				"INFOPLIST_KEY_UIStatusBarStyle[sdk=iphonesimulator*]" = UIStatusBarStyleDefault;
				INFOPLIST_KEY_UISupportedInterfaceOrientations_iPad = "UIInterfaceOrientationPortrait UIInterfaceOrientationPortraitUpsideDown UIInterfaceOrientationLandscapeLeft UIInterfaceOrientationLandscapeRight";
				INFOPLIST_KEY_UISupportedInterfaceOrientations_iPhone = "UIInterfaceOrientationPortrait UIInterfaceOrientationLandscapeLeft UIInterfaceOrientationLandscapeRight";
				IPHONEOS_DEPLOYMENT_TARGET = 16.2;
				LD_RUNPATH_SEARCH_PATHS = "@executable_path/Frameworks";
				"LD_RUNPATH_SEARCH_PATHS[sdk=macosx*]" = "@executable_path/../Frameworks";
				MACOSX_DEPLOYMENT_TARGET = 13.0;
				MARKETING_VERSION = 1.0;
				PRODUCT_BUNDLE_IDENTIFIER = botchu.Nemo;
				PRODUCT_NAME = "$(TARGET_NAME)";
				SDKROOT = auto;
				SUPPORTED_PLATFORMS = "iphoneos iphonesimulator macosx";
				SWIFT_EMIT_LOC_STRINGS = YES;
				SWIFT_VERSION = 5.0;
				TARGETED_DEVICE_FAMILY = "1,2";
			};
			name = Release;
		};
		43C3D76A29B80EED0012E78A /* Debug */ = {
			isa = XCBuildConfiguration;
			buildSettings = {
				ALWAYS_EMBED_SWIFT_STANDARD_LIBRARIES = YES;
				BUNDLE_LOADER = "$(TEST_HOST)";
				CODE_SIGN_STYLE = Automatic;
				CURRENT_PROJECT_VERSION = 1;
				DEVELOPMENT_TEAM = S49Q3W74YE;
				GENERATE_INFOPLIST_FILE = YES;
				IPHONEOS_DEPLOYMENT_TARGET = 16.2;
				MACOSX_DEPLOYMENT_TARGET = 13.0;
				MARKETING_VERSION = 1.0;
				PRODUCT_BUNDLE_IDENTIFIER = botchu.NemoTests;
				PRODUCT_NAME = "$(TARGET_NAME)";
				SDKROOT = auto;
				SUPPORTED_PLATFORMS = "iphoneos iphonesimulator macosx";
				SWIFT_EMIT_LOC_STRINGS = NO;
				SWIFT_VERSION = 5.0;
				TARGETED_DEVICE_FAMILY = "1,2";
				TEST_HOST = "$(BUILT_PRODUCTS_DIR)/Nemo.app/$(BUNDLE_EXECUTABLE_FOLDER_PATH)/Nemo";
			};
			name = Debug;
		};
		43C3D76B29B80EED0012E78A /* Release */ = {
			isa = XCBuildConfiguration;
			buildSettings = {
				ALWAYS_EMBED_SWIFT_STANDARD_LIBRARIES = YES;
				BUNDLE_LOADER = "$(TEST_HOST)";
				CODE_SIGN_STYLE = Automatic;
				CURRENT_PROJECT_VERSION = 1;
				DEVELOPMENT_TEAM = S49Q3W74YE;
				GENERATE_INFOPLIST_FILE = YES;
				IPHONEOS_DEPLOYMENT_TARGET = 16.2;
				MACOSX_DEPLOYMENT_TARGET = 13.0;
				MARKETING_VERSION = 1.0;
				PRODUCT_BUNDLE_IDENTIFIER = botchu.NemoTests;
				PRODUCT_NAME = "$(TARGET_NAME)";
				SDKROOT = auto;
				SUPPORTED_PLATFORMS = "iphoneos iphonesimulator macosx";
				SWIFT_EMIT_LOC_STRINGS = NO;
				SWIFT_VERSION = 5.0;
				TARGETED_DEVICE_FAMILY = "1,2";
				TEST_HOST = "$(BUILT_PRODUCTS_DIR)/Nemo.app/$(BUNDLE_EXECUTABLE_FOLDER_PATH)/Nemo";
			};
			name = Release;
		};
		43C3D76D29B80EED0012E78A /* Debug */ = {
			isa = XCBuildConfiguration;
			buildSettings = {
				ALWAYS_EMBED_SWIFT_STANDARD_LIBRARIES = YES;
				CODE_SIGN_STYLE = Automatic;
				CURRENT_PROJECT_VERSION = 1;
				DEVELOPMENT_TEAM = S49Q3W74YE;
				GENERATE_INFOPLIST_FILE = YES;
				IPHONEOS_DEPLOYMENT_TARGET = 16.2;
				MACOSX_DEPLOYMENT_TARGET = 13.0;
				MARKETING_VERSION = 1.0;
				PRODUCT_BUNDLE_IDENTIFIER = botchu.NemoUITests;
				PRODUCT_NAME = "$(TARGET_NAME)";
				SDKROOT = auto;
				SUPPORTED_PLATFORMS = "iphoneos iphonesimulator macosx";
				SWIFT_EMIT_LOC_STRINGS = NO;
				SWIFT_VERSION = 5.0;
				TARGETED_DEVICE_FAMILY = "1,2";
				TEST_TARGET_NAME = Nemo;
			};
			name = Debug;
		};
		43C3D76E29B80EED0012E78A /* Release */ = {
			isa = XCBuildConfiguration;
			buildSettings = {
				ALWAYS_EMBED_SWIFT_STANDARD_LIBRARIES = YES;
				CODE_SIGN_STYLE = Automatic;
				CURRENT_PROJECT_VERSION = 1;
				DEVELOPMENT_TEAM = S49Q3W74YE;
				GENERATE_INFOPLIST_FILE = YES;
				IPHONEOS_DEPLOYMENT_TARGET = 16.2;
				MACOSX_DEPLOYMENT_TARGET = 13.0;
				MARKETING_VERSION = 1.0;
				PRODUCT_BUNDLE_IDENTIFIER = botchu.NemoUITests;
				PRODUCT_NAME = "$(TARGET_NAME)";
				SDKROOT = auto;
				SUPPORTED_PLATFORMS = "iphoneos iphonesimulator macosx";
				SWIFT_EMIT_LOC_STRINGS = NO;
				SWIFT_VERSION = 5.0;
				TARGETED_DEVICE_FAMILY = "1,2";
				TEST_TARGET_NAME = Nemo;
			};
			name = Release;
		};
/* End XCBuildConfiguration section */

/* Begin XCConfigurationList section */
		43C3D73C29B80EEC0012E78A /* Build configuration list for PBXProject "Nemo" */ = {
			isa = XCConfigurationList;
			buildConfigurations = (
				43C3D76429B80EED0012E78A /* Debug */,
				43C3D76529B80EED0012E78A /* Release */,
			);
			defaultConfigurationIsVisible = 0;
			defaultConfigurationName = Release;
		};
		43C3D76629B80EED0012E78A /* Build configuration list for PBXNativeTarget "Nemo" */ = {
			isa = XCConfigurationList;
			buildConfigurations = (
				43C3D76729B80EED0012E78A /* Debug */,
				43C3D76829B80EED0012E78A /* Release */,
			);
			defaultConfigurationIsVisible = 0;
			defaultConfigurationName = Release;
		};
		43C3D76929B80EED0012E78A /* Build configuration list for PBXNativeTarget "NemoTests" */ = {
			isa = XCConfigurationList;
			buildConfigurations = (
				43C3D76A29B80EED0012E78A /* Debug */,
				43C3D76B29B80EED0012E78A /* Release */,
			);
			defaultConfigurationIsVisible = 0;
			defaultConfigurationName = Release;
		};
		43C3D76C29B80EED0012E78A /* Build configuration list for PBXNativeTarget "NemoUITests" */ = {
			isa = XCConfigurationList;
			buildConfigurations = (
				43C3D76D29B80EED0012E78A /* Debug */,
				43C3D76E29B80EED0012E78A /* Release */,
			);
			defaultConfigurationIsVisible = 0;
			defaultConfigurationName = Release;
		};
/* End XCConfigurationList section */
	};
	rootObject = 43C3D73929B80EEC0012E78A /* Project object */;
}
